<?xml version="1.0" encoding="utf-8"?>
<Project ToolsVersion="4.0" xmlns="http://schemas.microsoft.com/developer/msbuild/2003">
  <ItemGroup>
    <Filter Include="前置文件">
      <UniqueIdentifier>{67DA6AB6-F800-4c08-8B7A-83BB121AAD01}</UniqueIdentifier>
      <Extensions>rc;ico;cur;bmp;dlg;rc2;rct;bin;rgs;gif;jpg;jpeg;jpe;resx;tiff;tif;png;wav;mfcribbon-ms</Extensions>
    </Filter>
    <Filter Include="源代码">
      <UniqueIdentifier>{4FC737F1-C7A5-4376-A066-2A32D752A2FF}</UniqueIdentifier>
      <Extensions>cpp;c;cc;cxx;def;odl;idl;hpj;bat;asm;asmx</Extensions>
    </Filter>
    <Filter Include="核心数据">
      <UniqueIdentifier>{c61de45d-6340-4fc2-b5ab-c11a2faab43a}</UniqueIdentifier>
    </Filter>
    <Filter Include="源代码\imgui">
      <UniqueIdentifier>{1ebe948a-e1bb-4b85-bf1c-9581568ed5ea}</UniqueIdentifier>
    </Filter>
    <Filter Include="源代码\impl">
      <UniqueIdentifier>{020807b8-93b1-48a6-b02c-aa13750252a0}</UniqueIdentifier>
    </Filter>
    <Filter Include="源代码\implot">
      <UniqueIdentifier>{a223d125-55a9-42af-8dda-056a7c432c9f}</UniqueIdentifier>
    </Filter>
  </ItemGroup>
  <ItemGroup>
    <ClCompile Include="dllmain.cpp">
      <Filter>源代码</Filter>
    </ClCompile>
    <ClCompile Include="HttpClient.h">
      <Filter>源代码</Filter>
    </ClCompile>
    <ClCompile Include="HttpClient.cpp">
      <Filter>源代码</Filter>
    </ClCompile>
    <ClCompile Include="deps\kiero.cpp">
      <Filter>源代码</Filter>
    </ClCompile>
    <ClCompile Include="impl\d3d11_impl.cpp">
      <Filter>源代码\impl</Filter>
    </ClCompile>
    <ClCompile Include="impl\shared.cpp">
      <Filter>源代码\impl</Filter>
    </ClCompile>
    <ClCompile Include="impl\win32_impl.cpp">
      <Filter>源代码\impl</Filter>
    </ClCompile>
    <ClCompile Include="deps\imgui\imgui.cpp">
      <Filter>源代码\imgui</Filter>
    </ClCompile>
    <ClCompile Include="deps\imgui\imgui_demo.cpp">
      <Filter>源代码\imgui</Filter>
    </ClCompile>
    <ClCompile Include="deps\imgui\imgui_draw.cpp">
      <Filter>源代码\imgui</Filter>
    </ClCompile>
    <ClCompile Include="deps\imgui\imgui_impl_dx11.cpp">
      <Filter>源代码\imgui</Filter>
    </ClCompile>
    <ClCompile Include="deps\imgui\imgui_impl_win32.cpp">
      <Filter>源代码\imgui</Filter>
    </ClCompile>
    <ClCompile Include="deps\imgui\imgui_tables.cpp">
      <Filter>源代码\imgui</Filter>
    </ClCompile>
    <ClCompile Include="deps\imgui\imgui_widgets.cpp">
      <Filter>源代码\imgui</Filter>
    </ClCompile>
    <ClCompile Include="deps\implot\implot.cpp">
      <Filter>源代码\implot</Filter>
    </ClCompile>
    <ClCompile Include="deps\implot\implot_demo.cpp">
      <Filter>源代码\implot</Filter>
    </ClCompile>
    <ClCompile Include="deps\implot\implot_items.cpp">
      <Filter>源代码\implot</Filter>
    </ClCompile>
  </ItemGroup>
  <ItemGroup>
    <Library Include="deps\minhook\libMinHook.x64.lib">
      <Filter>前置文件</Filter>
    </Library>
    <Library Include="deps\loader.lib">
      <Filter>前置文件</Filter>
    </Library>
  </ItemGroup>
  <ItemGroup>
    <ClInclude Include="Base.h">
      <Filter>核心数据</Filter>
    </ClInclude>
    <ClInclude Include="Execution.h" />
    <ClInclude Include="Component.h">
      <Filter>核心数据</Filter>
    </ClInclude>
    <ClInclude Include="LuaScript.h" />
    <ClInclude Include="MonsterBuff.h">
      <Filter>核心数据</Filter>
    </ClInclude>
    <ClInclude Include="LuaData.h">
      <Filter>核心数据</Filter>
    </ClInclude>
    <ClInclude Include="PlayerBuff.h">
      <Filter>核心数据</Filter>
    </ClInclude>
    <ClInclude Include="HttpRequest.h">
      <Filter>源代码</Filter>
    </ClInclude>
    <ClInclude Include="AobAddress.h">
      <Filter>核心数据</Filter>
    </ClInclude>
    <ClInclude Include="Network.h">
      <Filter>核心数据</Filter>
    </ClInclude>
    <ClInclude Include="ControlProgram.h">
      <Filter>核心数据</Filter>
    </ClInclude>
    <ClInclude Include="deps\kiero.h">
      <Filter>源代码</Filter>
    </ClInclude>
    <ClInclude Include="impl\d3d11_impl.h">
      <Filter>源代码\impl</Filter>
    </ClInclude>
    <ClInclude Include="impl\shared.h">
      <Filter>源代码\impl</Filter>
    </ClInclude>
    <ClInclude Include="impl\win32_impl.h">
      <Filter>源代码\impl</Filter>
    </ClInclude>
    <ClInclude Include="deps\imgui\imconfig.h">
      <Filter>源代码\imgui</Filter>
    </ClInclude>
    <ClInclude Include="deps\imgui\imgui.h">
      <Filter>源代码\imgui</Filter>
    </ClInclude>
    <ClInclude Include="deps\imgui\imgui_impl_dx11.h">
      <Filter>源代码\imgui</Filter>
    </ClInclude>
    <ClInclude Include="deps\imgui\imgui_impl_win32.h">
      <Filter>源代码\imgui</Filter>
    </ClInclude>
    <ClInclude Include="deps\imgui\imgui_internal.h">
      <Filter>源代码\imgui</Filter>
    </ClInclude>
    <ClInclude Include="deps\imgui\imstb_rectpack.h">
      <Filter>源代码\imgui</Filter>
    </ClInclude>
    <ClInclude Include="deps\imgui\imstb_textedit.h">
      <Filter>源代码\imgui</Filter>
    </ClInclude>
    <ClInclude Include="deps\imgui\imstb_truetype.h">
      <Filter>源代码\imgui</Filter>
    </ClInclude>
    <ClInclude Include="deps\implot\implot.h">
      <Filter>源代码\implot</Filter>
    </ClInclude>
    <ClInclude Include="deps\implot\implot_internal.h">
      <Filter>源代码\implot</Filter>
    </ClInclude>
  </ItemGroup>
  <ItemGroup>
    <CustomBuild Include="asm.asm">
      <Filter>源代码</Filter>
    </CustomBuild>
  </ItemGroup>
</Project>